// !$*UTF8*$!
{
	archiveVersion = 1;
	classes = {
	};
	objectVersion = 55;
	objects = {

/* Begin PBXBuildFile section */
		206FEAA428DCD96B0041CBD8 /* AppDelegate.swift in Sources */ = {isa = PBXBuildFile; fileRef = 206FEAA328DCD96B0041CBD8 /* AppDelegate.swift */; };
		206FEAA628DCD96B0041CBD8 /* ViewController.swift in Sources */ = {isa = PBXBuildFile; fileRef = 206FEAA528DCD96B0041CBD8 /* ViewController.swift */; };
		206FEAA828DCD96D0041CBD8 /* Assets.xcassets in Resources */ = {isa = PBXBuildFile; fileRef = 206FEAA728DCD96D0041CBD8 /* Assets.xcassets */; };
		206FEAAB28DCD96D0041CBD8 /* Main.storyboard in Resources */ = {isa = PBXBuildFile; fileRef = 206FEAA928DCD96D0041CBD8 /* Main.storyboard */; };
		206FEAB428DD02CF0041CBD8 /* MedsViewController.swift in Sources */ = {isa = PBXBuildFile; fileRef = 206FEAB328DD02CF0041CBD8 /* MedsViewController.swift */; };
		206FEAB628DD07CB0041CBD8 /* Meds.swift in Sources */ = {isa = PBXBuildFile; fileRef = 206FEAB528DD07CB0041CBD8 /* Meds.swift */; };
		206FEAB828E371D90041CBD8 /* EventMonitor.swift in Sources */ = {isa = PBXBuildFile; fileRef = 206FEAB728E371D90041CBD8 /* EventMonitor.swift */; };
/* End PBXBuildFile section */

/* Begin PBXFileReference section */
		206FEAA028DCD96B0041CBD8 /* MedTracker.app */ = {isa = PBXFileReference; explicitFileType = wrapper.application; includeInIndex = 0; path = MedTracker.app; sourceTree = BUILT_PRODUCTS_DIR; };
		206FEAA328DCD96B0041CBD8 /* AppDelegate.swift */ = {isa = PBXFileReference; lastKnownFileType = sourcecode.swift; path = AppDelegate.swift; sourceTree = "<group>"; };
		206FEAA528DCD96B0041CBD8 /* ViewController.swift */ = {isa = PBXFileReference; lastKnownFileType = sourcecode.swift; path = ViewController.swift; sourceTree = "<group>"; };
		206FEAA728DCD96D0041CBD8 /* Assets.xcassets */ = {isa = PBXFileReference; lastKnownFileType = folder.assetcatalog; path = Assets.xcassets; sourceTree = "<group>"; };
		206FEAAA28DCD96D0041CBD8 /* Base */ = {isa = PBXFileReference; lastKnownFileType = file.storyboard; name = Base; path = Base.lproj/Main.storyboard; sourceTree = "<group>"; };
		206FEAAC28DCD96D0041CBD8 /* MedTracker.entitlements */ = {isa = PBXFileReference; lastKnownFileType = text.plist.entitlements; path = MedTracker.entitlements; sourceTree = "<group>"; };
		206FEAB228DCFD850041CBD8 /* Info.plist */ = {isa = PBXFileReference; lastKnownFileType = text.plist; path = Info.plist; sourceTree = "<group>"; };
		206FEAB328DD02CF0041CBD8 /* MedsViewController.swift */ = {isa = PBXFileReference; lastKnownFileType = sourcecode.swift; path = MedsViewController.swift; sourceTree = "<group>"; };
		206FEAB528DD07CB0041CBD8 /* Meds.swift */ = {isa = PBXFileReference; lastKnownFileType = sourcecode.swift; path = Meds.swift; sourceTree = "<group>"; };
		206FEAB728E371D90041CBD8 /* EventMonitor.swift */ = {isa = PBXFileReference; lastKnownFileType = sourcecode.swift; path = EventMonitor.swift; sourceTree = "<group>"; };
/* End PBXFileReference section */

/* Begin PBXFrameworksBuildPhase section */
		206FEA9D28DCD96B0041CBD8 /* Frameworks */ = {
			isa = PBXFrameworksBuildPhase;
			buildActionMask = 2147483647;
			files = (
			);
			runOnlyForDeploymentPostprocessing = 0;
		};
/* End PBXFrameworksBuildPhase section */

/* Begin PBXGroup section */
		206FEA9728DCD96B0041CBD8 = {
			isa = PBXGroup;
			children = (
				206FEAA228DCD96B0041CBD8 /* MedTracker */,
				206FEAA128DCD96B0041CBD8 /* Products */,
			);
			sourceTree = "<group>";
		};
		206FEAA128DCD96B0041CBD8 /* Products */ = {
			isa = PBXGroup;
			children = (
				206FEAA028DCD96B0041CBD8 /* MedTracker.app */,
			);
			name = Products;
			sourceTree = "<group>";
		};
		206FEAA228DCD96B0041CBD8 /* MedTracker */ = {
			isa = PBXGroup;
			children = (
				206FEAB228DCFD850041CBD8 /* Info.plist */,
				206FEAA328DCD96B0041CBD8 /* AppDelegate.swift */,
				206FEAB528DD07CB0041CBD8 /* Meds.swift */,
				206FEAB328DD02CF0041CBD8 /* MedsViewController.swift */,
				206FEAA528DCD96B0041CBD8 /* ViewController.swift */,
				206FEAA728DCD96D0041CBD8 /* Assets.xcassets */,
				206FEAA928DCD96D0041CBD8 /* Main.storyboard */,
				206FEAAC28DCD96D0041CBD8 /* MedTracker.entitlements */,
				206FEAB728E371D90041CBD8 /* EventMonitor.swift */,
			);
			path = MedTracker;
			sourceTree = "<group>";
		};
/* End PBXGroup section */

/* Begin PBXNativeTarget section */
		206FEA9F28DCD96B0041CBD8 /* MedTracker */ = {
			isa = PBXNativeTarget;
			buildConfigurationList = 206FEAAF28DCD96D0041CBD8 /* Build configuration list for PBXNativeTarget "MedTracker" */;
			buildPhases = (
				206FEA9C28DCD96B0041CBD8 /* Sources */,
				206FEA9D28DCD96B0041CBD8 /* Frameworks */,
				206FEA9E28DCD96B0041CBD8 /* Resources */,
			);
			buildRules = (
			);
			dependencies = (
			);
			name = MedTracker;
			productName = MedTracker;
			productReference = 206FEAA028DCD96B0041CBD8 /* MedTracker.app */;
			productType = "com.apple.product-type.application";
		};
/* End PBXNativeTarget section */

/* Begin PBXProject section */
		206FEA9828DCD96B0041CBD8 /* Project object */ = {
			isa = PBXProject;
			attributes = {
				BuildIndependentTargetsInParallel = 1;
				LastSwiftUpdateCheck = 1340;
				LastUpgradeCheck = 1340;
				TargetAttributes = {
					206FEA9F28DCD96B0041CBD8 = {
						CreatedOnToolsVersion = 13.4.1;
					};
				};
			};
			buildConfigurationList = 206FEA9B28DCD96B0041CBD8 /* Build configuration list for PBXProject "MedTracker" */;
			compatibilityVersion = "Xcode 13.0";
			developmentRegion = en;
			hasScannedForEncodings = 0;
			knownRegions = (
				en,
				Base,
			);
			mainGroup = 206FEA9728DCD96B0041CBD8;
			productRefGroup = 206FEAA128DCD96B0041CBD8 /* Products */;
			projectDirPath = "";
			projectRoot = "";
			targets = (
				206FEA9F28DCD96B0041CBD8 /* MedTracker */,
			);
		};
/* End PBXProject section */

/* Begin PBXResourcesBuildPhase section */
		206FEA9E28DCD96B0041CBD8 /* Resources */ = {
			isa = PBXResourcesBuildPhase;
			buildActionMask = 2147483647;
			files = (
				206FEAA828DCD96D0041CBD8 /* Assets.xcassets in Resources */,
				206FEAAB28DCD96D0041CBD8 /* Main.storyboard in Resources */,
			);
			runOnlyForDeploymentPostprocessing = 0;
		};
/* End PBXResourcesBuildPhase section */

/* Begin PBXSourcesBuildPhase section */
		206FEA9C28DCD96B0041CBD8 /* Sources */ = {
			isa = PBXSourcesBuildPhase;
			buildActionMask = 2147483647;
			files = (
				206FEAA628DCD96B0041CBD8 /* ViewController.swift in Sources */,
				206FEAB828E371D90041CBD8 /* EventMonitor.swift in Sources */,
				206FEAB428DD02CF0041CBD8 /* MedsViewController.swift in Sources */,
				206FEAB628DD07CB0041CBD8 /* Meds.swift in Sources */,
				206FEAA428DCD96B0041CBD8 /* AppDelegate.swift in Sources */,
			);
			runOnlyForDeploymentPostprocessing = 0;
		};
/* End PBXSourcesBuildPhase section */

/* Begin PBXVariantGroup section */
		206FEAA928DCD96D0041CBD8 /* Main.storyboard */ = {
			isa = PBXVariantGroup;
			children = (
				206FEAAA28DCD96D0041CBD8 /* Base */,
			);
			name = Main.storyboard;
			sourceTree = "<group>";
		};
/* End PBXVariantGroup section */

/* Begin XCBuildConfiguration section */
		206FEAAD28DCD96D0041CBD8 /* Debug */ = {
			isa = XCBuildConfiguration;
			buildSettings = {
				ALWAYS_SEARCH_USER_PATHS = NO;
				CLANG_ANALYZER_NONNULL = YES;
				CLANG_ANALYZER_NUMBER_OBJECT_CONVERSION = YES_AGGRESSIVE;
				CLANG_CXX_LANGUAGE_STANDARD = "gnu++17";
				CLANG_ENABLE_MODULES = YES;
				CLANG_ENABLE_OBJC_ARC = YES;
				CLANG_ENABLE_OBJC_WEAK = YES;
				CLANG_WARN_BLOCK_CAPTURE_AUTORELEASING = YES;
				CLANG_WARN_BOOL_CONVERSION = YES;
				CLANG_WARN_COMMA = YES;
				CLANG_WARN_CONSTANT_CONVERSION = YES;
				CLANG_WARN_DEPRECATED_OBJC_IMPLEMENTATIONS = YES;
				CLANG_WARN_DIRECT_OBJC_ISA_USAGE = YES_ERROR;
				CLANG_WARN_DOCUMENTATION_COMMENTS = YES;
				CLANG_WARN_EMPTY_BODY = YES;
				CLANG_WARN_ENUM_CONVERSION = YES;
				CLANG_WARN_INFINITE_RECURSION = YES;
				CLANG_WARN_INT_CONVERSION = YES;
				CLANG_WARN_NON_LITERAL_NULL_CONVERSION = YES;
				CLANG_WARN_OBJC_IMPLICIT_RETAIN_SELF = YES;
				CLANG_WARN_OBJC_LITERAL_CONVERSION = YES;
				CLANG_WARN_OBJC_ROOT_CLASS = YES_ERROR;
				CLANG_WARN_QUOTED_INCLUDE_IN_FRAMEWORK_HEADER = YES;
				CLANG_WARN_RANGE_LOOP_ANALYSIS = YES;
				CLANG_WARN_STRICT_PROTOTYPES = YES;
				CLANG_WARN_SUSPICIOUS_MOVE = YES;
				CLANG_WARN_UNGUARDED_AVAILABILITY = YES_AGGRESSIVE;
				CLANG_WARN_UNREACHABLE_CODE = YES;
				CLANG_WARN__DUPLICATE_METHOD_MATCH = YES;
				COPY_PHASE_STRIP = NO;
				DEBUG_INFORMATION_FORMAT = dwarf;
				ENABLE_STRICT_OBJC_MSGSEND = YES;
				ENABLE_TESTABILITY = YES;
				GCC_C_LANGUAGE_STANDARD = gnu11;
				GCC_DYNAMIC_NO_PIC = NO;
				GCC_NO_COMMON_BLOCKS = YES;
				GCC_OPTIMIZATION_LEVEL = 0;
				GCC_PREPROCESSOR_DEFINITIONS = (
					"DEBUG=1",
					"$(inherited)",
				);
				GCC_WARN_64_TO_32_BIT_CONVERSION = YES;
				GCC_WARN_ABOUT_RETURN_TYPE = YES_ERROR;
				GCC_WARN_UNDECLARED_SELECTOR = YES;
				GCC_WARN_UNINITIALIZED_AUTOS = YES_AGGRESSIVE;
				GCC_WARN_UNUSED_FUNCTION = YES;
				GCC_WARN_UNUSED_VARIABLE = YES;
				MACOSX_DEPLOYMENT_TARGET = 12.0;
				MTL_ENABLE_DEBUG_INFO = INCLUDE_SOURCE;
				MTL_FAST_MATH = YES;
				ONLY_ACTIVE_ARCH = YES;
				SDKROOT = macosx;
				SWIFT_ACTIVE_COMPILATION_CONDITIONS = DEBUG;
				SWIFT_OPTIMIZATION_LEVEL = "-Onone";
			};
			name = Debug;
		};
		206FEAAE28DCD96D0041CBD8 /* Release */ = {
			isa = XCBuildConfiguration;
			buildSettings = {
				ALWAYS_SEARCH_USER_PATHS = NO;
				CLANG_ANALYZER_NONNULL = YES;
				CLANG_ANALYZER_NUMBER_OBJECT_CONVERSION = YES_AGGRESSIVE;
				CLANG_CXX_LANGUAGE_STANDARD = "gnu++17";
				CLANG_ENABLE_MODULES = YES;
				CLANG_ENABLE_OBJC_ARC = YES;
				CLANG_ENABLE_OBJC_WEAK = YES;
				CLANG_WARN_BLOCK_CAPTURE_AUTORELEASING = YES;
				CLANG_WARN_BOOL_CONVERSION = YES;
				CLANG_WARN_COMMA = YES;
				CLANG_WARN_CONSTANT_CONVERSION = YES;
				CLANG_WARN_DEPRECATED_OBJC_IMPLEMENTATIONS = YES;
				CLANG_WARN_DIRECT_OBJC_ISA_USAGE = YES_ERROR;
				CLANG_WARN_DOCUMENTATION_COMMENTS = YES;
				CLANG_WARN_EMPTY_BODY = YES;
				CLANG_WARN_ENUM_CONVERSION = YES;
				CLANG_WARN_INFINITE_RECURSION = YES;
				CLANG_WARN_INT_CONVERSION = YES;
				CLANG_WARN_NON_LITERAL_NULL_CONVERSION = YES;
				CLANG_WARN_OBJC_IMPLICIT_RETAIN_SELF = YES;
				CLANG_WARN_OBJC_LITERAL_CONVERSION = YES;
				CLANG_WARN_OBJC_ROOT_CLASS = YES_ERROR;
				CLANG_WARN_QUOTED_INCLUDE_IN_FRAMEWORK_HEADER = YES;
				CLANG_WARN_RANGE_LOOP_ANALYSIS = YES;
				CLANG_WARN_STRICT_PROTOTYPES = YES;
				CLANG_WARN_SUSPICIOUS_MOVE = YES;
				CLANG_WARN_UNGUARDED_AVAILABILITY = YES_AGGRESSIVE;
				CLANG_WARN_UNREACHABLE_CODE = YES;
				CLANG_WARN__DUPLICATE_METHOD_MATCH = YES;
				COPY_PHASE_STRIP = NO;
				DEBUG_INFORMATION_FORMAT = "dwarf-with-dsym";
				ENABLE_NS_ASSERTIONS = NO;
				ENABLE_STRICT_OBJC_MSGSEND = YES;
				GCC_C_LANGUAGE_STANDARD = gnu11;
				GCC_NO_COMMON_BLOCKS = YES;
				GCC_WARN_64_TO_32_BIT_CONVERSION = YES;
				GCC_WARN_ABOUT_RETURN_TYPE = YES_ERROR;
				GCC_WARN_UNDECLARED_SELECTOR = YES;
				GCC_WARN_UNINITIALIZED_AUTOS = YES_AGGRESSIVE;
				GCC_WARN_UNUSED_FUNCTION = YES;
				GCC_WARN_UNUSED_VARIABLE = YES;
				MACOSX_DEPLOYMENT_TARGET = 12.0;
				MTL_ENABLE_DEBUG_INFO = NO;
				MTL_FAST_MATH = YES;
				SDKROOT = macosx;
				SWIFT_COMPILATION_MODE = wholemodule;
				SWIFT_OPTIMIZATION_LEVEL = "-O";
			};
			name = Release;
		};
		206FEAB028DCD96D0041CBD8 /* Debug */ = {
			isa = XCBuildConfiguration;
			buildSettings = {
				ASSETCATALOG_COMPILER_APPICON_NAME = AppIcon;
				ASSETCATALOG_COMPILER_GLOBAL_ACCENT_COLOR_NAME = AccentColor;
				CODE_SIGN_ENTITLEMENTS = MedTracker/MedTracker.entitlements;
				CODE_SIGN_STYLE = Automatic;
				COMBINE_HIDPI_IMAGES = YES;
				CURRENT_PROJECT_VERSION = 1;
				DEVELOPMENT_TEAM = B89ZA48C47;
				ENABLE_HARDENED_RUNTIME = YES;
				GENERATE_INFOPLIST_FILE = YES;
				INFOPLIST_FILE = MedTracker/Info.plist;
				INFOPLIST_KEY_NSHumanReadableCopyright = "";
				INFOPLIST_KEY_NSMainStoryboardFile = Main;
				INFOPLIST_KEY_NSPrincipalClass = NSApplication;
				LD_RUNPATH_SEARCH_PATHS = (
					"$(inherited)",
					"@executable_path/../Frameworks",
				);
				MARKETING_VERSION = 1.0;
				PRODUCT_BUNDLE_IDENTIFIER = neale.MedTracker;
				PRODUCT_NAME = "$(TARGET_NAME)";
				SWIFT_EMIT_LOC_STRINGS = YES;
				SWIFT_VERSION = 5.0;
			};
			name = Debug;
		};
		206FEAB128DCD96D0041CBD8 /* Release */ = {
			isa = XCBuildConfiguration;
			buildSettings = {
				ASSETCATALOG_COMPILER_APPICON_NAME = AppIcon;
				ASSETCATALOG_COMPILER_GLOBAL_ACCENT_COLOR_NAME = AccentColor;
				CODE_SIGN_ENTITLEMENTS = MedTracker/MedTracker.entitlements;
				CODE_SIGN_STYLE = Automatic;
				COMBINE_HIDPI_IMAGES = YES;
				CURRENT_PROJECT_VERSION = 1;
				DEVELOPMENT_TEAM = B89ZA48C47;
				ENABLE_HARDENED_RUNTIME = YES;
				GENERATE_INFOPLIST_FILE = YES;
				INFOPLIST_FILE = MedTracker/Info.plist;
				INFOPLIST_KEY_NSHumanReadableCopyright = "";
				INFOPLIST_KEY_NSMainStoryboardFile = Main;
				INFOPLIST_KEY_NSPrincipalClass = NSApplication;
				LD_RUNPATH_SEARCH_PATHS = (
					"$(inherited)",
					"@executable_path/../Frameworks",
				);
				MARKETING_VERSION = 1.0;
				PRODUCT_BUNDLE_IDENTIFIER = neale.MedTracker;
				PRODUCT_NAME = "$(TARGET_NAME)";
				SWIFT_EMIT_LOC_STRINGS = YES;
				SWIFT_VERSION = 5.0;
			};
			name = Release;
		};
/* End XCBuildConfiguration section */

/* Begin XCConfigurationList section */
		206FEA9B28DCD96B0041CBD8 /* Build configuration list for PBXProject "MedTracker" */ = {
			isa = XCConfigurationList;
			buildConfigurations = (
				206FEAAD28DCD96D0041CBD8 /* Debug */,
				206FEAAE28DCD96D0041CBD8 /* Release */,
			);
			defaultConfigurationIsVisible = 0;
			defaultConfigurationName = Release;
		};
		206FEAAF28DCD96D0041CBD8 /* Build configuration list for PBXNativeTarget "MedTracker" */ = {
			isa = XCConfigurationList;
			buildConfigurations = (
				206FEAB028DCD96D0041CBD8 /* Debug */,
				206FEAB128DCD96D0041CBD8 /* Release */,
			);
			defaultConfigurationIsVisible = 0;
			defaultConfigurationName = Release;
		};
/* End XCConfigurationList section */
	};
	rootObject = 206FEA9828DCD96B0041CBD8 /* Project object */;
}
